
Microsoft Visual Studio Solution File, Format Version 12.00
# Visual Studio Version 17
VisualStudioVersion = 17.0.32014.148
MinimumVisualStudioVersion = 10.0.40219.1
Project("{FAE04EC0-301F-11D3-BF4B-00C04F79EFBC}") = "Entities", "Entities\Entities.csproj", "{38275A3B-2391-4987-B9D0-210D20ED3AB4}"
EndProject
Project("{FAE04EC0-301F-11D3-BF4B-00C04F79EFBC}") = "DataAccess", "DataAccess\DataAccess.csproj", "{7FFF8FA0-9FF6-4DFC-AA86-55B83D6ED939}"
EndProject
Project("{FAE04EC0-301F-11D3-BF4B-00C04F79EFBC}") = "Business", "Business\Business.csproj", "{C34FA65C-A2E8-4750-B790-2CB95B85FFAE}"
EndProject
Project("{FAE04EC0-301F-11D3-BF4B-00C04F79EFBC}") = "ConsoleUI", "ConsoleUI\ConsoleUI.csproj", "{B97CADCC-7E49-4D1D-9C47-660E45E181A2}"
EndProject
Global
	GlobalSection(SolutionConfigurationPlatforms) = preSolution
		Debug|Any CPU = Debug|Any CPU
		Release|Any CPU = Release|Any CPU
	EndGlobalSection
	GlobalSection(ProjectConfigurationPlatforms) = postSolution
		{38275A3B-2391-4987-B9D0-210D20ED3AB4}.Debug|Any CPU.ActiveCfg = Debug|Any CPU
		{38275A3B-2391-4987-B9D0-210D20ED3AB4}.Debug|Any CPU.Build.0 = Debug|Any CPU
		{38275A3B-2391-4987-B9D0-210D20ED3AB4}.Release|Any CPU.ActiveCfg = Release|Any CPU
		{38275A3B-2391-4987-B9D0-210D20ED3AB4}.Release|Any CPU.Build.0 = Release|Any CPU
		{7FFF8FA0-9FF6-4DFC-AA86-55B83D6ED939}.Debug|Any CPU.ActiveCfg = Debug|Any CPU
		{7FFF8FA0-9FF6-4DFC-AA86-55B83D6ED939}.Debug|Any CPU.Build.0 = Debug|Any CPU
		{7FFF8FA0-9FF6-4DFC-AA86-55B83D6ED939}.Release|Any CPU.ActiveCfg = Release|Any CPU
		{7FFF8FA0-9FF6-4DFC-AA86-55B83D6ED939}.Release|Any CPU.Build.0 = Release|Any CPU
		{C34FA65C-A2E8-4750-B790-2CB95B85FFAE}.Debug|Any CPU.ActiveCfg = Debug|Any CPU
		{C34FA65C-A2E8-4750-B790-2CB95B85FFAE}.Debug|Any CPU.Build.0 = Debug|Any CPU
		{C34FA65C-A2E8-4750-B790-2CB95B85FFAE}.Release|Any CPU.ActiveCfg = Release|Any CPU
		{C34FA65C-A2E8-4750-B790-2CB95B85FFAE}.Release|Any CPU.Build.0 = Release|Any CPU
		{B97CADCC-7E49-4D1D-9C47-660E45E181A2}.Debug|Any CPU.ActiveCfg = Debug|Any CPU
		{B97CADCC-7E49-4D1D-9C47-660E45E181A2}.Debug|Any CPU.Build.0 = Debug|Any CPU
		{B97CADCC-7E49-4D1D-9C47-660E45E181A2}.Release|Any CPU.ActiveCfg = Release|Any CPU
		{B97CADCC-7E49-4D1D-9C47-660E45E181A2}.Release|Any CPU.Build.0 = Release|Any CPU
	EndGlobalSection
	GlobalSection(SolutionProperties) = preSolution
		HideSolutionNode = FALSE
	EndGlobalSection
	GlobalSection(ExtensibilityGlobals) = postSolution
		SolutionGuid = {45E6CD35-DE6B-498A-A05A-745402E4764B}
	EndGlobalSection
EndGlobal
